{
    "version": 3,
    "terraform_version": "0.11.11",
    "serial": 3,
    "lineage": "839d12f4-9237-d985-c484-2438e97cacfc",
    "modules": [
        {
            "path": [
                "root"
            ],
            "outputs": {
                "vmip": {
                    "sensitive": false,
                    "type": "string",
                    "value": ""
                },
                "vmname": {
                    "sensitive": false,
                    "type": "string",
                    "value": "autentivm"
                }
            },
            "resources": {
                "azurerm_network_interface.autentidev": {
                    "type": "azurerm_network_interface",
                    "depends_on": [
                        "azurerm_public_ip.autentidev",
                        "azurerm_resource_group.autentidev",
                        "azurerm_subnet.autentidev"
                    ],
                    "primary": {
                        "id": "/subscriptions/53aeb1cc-9727-411e-a4bc-5afbbbc8471f/resourceGroups/autentidev01/providers/Microsoft.Network/networkInterfaces/autentidevni",
                        "attributes": {
                            "applied_dns_servers.#": "0",
                            "dns_servers.#": "0",
                            "enable_accelerated_networking": "false",
                            "enable_ip_forwarding": "false",
                            "id": "/subscriptions/53aeb1cc-9727-411e-a4bc-5afbbbc8471f/resourceGroups/autentidev01/providers/Microsoft.Network/networkInterfaces/autentidevni",
                            "internal_dns_name_label": "",
                            "internal_fqdn": "",
                            "ip_configuration.#": "1",
                            "ip_configuration.0.application_gateway_backend_address_pools_ids.#": "0",
                            "ip_configuration.0.application_security_group_ids.#": "0",
                            "ip_configuration.0.load_balancer_backend_address_pools_ids.#": "0",
                            "ip_configuration.0.load_balancer_inbound_nat_rules_ids.#": "0",
                            "ip_configuration.0.name": "autentidevconfig1",
                            "ip_configuration.0.primary": "true",
                            "ip_configuration.0.private_ip_address": "",
                            "ip_configuration.0.private_ip_address_allocation": "dynamic",
                            "ip_configuration.0.private_ip_address_version": "IPv4",
                            "ip_configuration.0.public_ip_address_id": "/subscriptions/53aeb1cc-9727-411e-a4bc-5afbbbc8471f/resourceGroups/autentidev01/providers/Microsoft.Network/publicIPAddresses/autentidev-PublicIP",
                            "ip_configuration.0.subnet_id": "/subscriptions/53aeb1cc-9727-411e-a4bc-5afbbbc8471f/resourceGroups/autentidev01/providers/Microsoft.Network/virtualNetworks/autentidevvn/subnets/autentidevsub",
                            "location": "westeurope",
                            "mac_address": "",
                            "name": "autentidevni",
                            "network_security_group_id": "",
                            "private_ip_address": "10.0.2.4",
                            "private_ip_addresses.#": "1",
                            "private_ip_addresses.0": "10.0.2.4",
                            "resource_group_name": "autentidev01",
                            "tags.%": "0"
                        },
                        "meta": {},
                        "tainted": false
                    },
                    "deposed": [],
                    "provider": "provider.azurerm"
                },
                "azurerm_public_ip.autentidev": {
                    "type": "azurerm_public_ip",
                    "depends_on": [
                        "azurerm_resource_group.autentidev"
                    ],
                    "primary": {
                        "id": "/subscriptions/53aeb1cc-9727-411e-a4bc-5afbbbc8471f/resourceGroups/autentidev01/providers/Microsoft.Network/publicIPAddresses/autentidev-PublicIP",
                        "attributes": {
                            "allocation_method": "Dynamic",
                            "id": "/subscriptions/53aeb1cc-9727-411e-a4bc-5afbbbc8471f/resourceGroups/autentidev01/providers/Microsoft.Network/publicIPAddresses/autentidev-PublicIP",
                            "idle_timeout_in_minutes": "30",
                            "ip_address": "",
                            "ip_version": "IPv4",
                            "location": "westeurope",
                            "name": "autentidev-PublicIP",
                            "public_ip_address_allocation": "Dynamic",
                            "resource_group_name": "autentidev01",
                            "sku": "Basic",
                            "tags.%": "1",
                            "tags.environment": "development",
                            "zones.#": "0"
                        },
                        "meta": {},
                        "tainted": false
                    },
                    "deposed": [],
                    "provider": "provider.azurerm"
                },
                "azurerm_resource_group.autentidev": {
                    "type": "azurerm_resource_group",
                    "depends_on": [],
                    "primary": {
                        "id": "/subscriptions/53aeb1cc-9727-411e-a4bc-5afbbbc8471f/resourceGroups/autentidev01",
                        "attributes": {
                            "id": "/subscriptions/53aeb1cc-9727-411e-a4bc-5afbbbc8471f/resourceGroups/autentidev01",
                            "location": "westeurope",
                            "name": "autentidev01",
                            "tags.%": "0"
                        },
                        "meta": {},
                        "tainted": false
                    },
                    "deposed": [],
                    "provider": "provider.azurerm"
                },
                "azurerm_subnet.autentidev": {
                    "type": "azurerm_subnet",
                    "depends_on": [
                        "azurerm_resource_group.autentidev",
                        "azurerm_virtual_network.autentidev"
                    ],
                    "primary": {
                        "id": "/subscriptions/53aeb1cc-9727-411e-a4bc-5afbbbc8471f/resourceGroups/autentidev01/providers/Microsoft.Network/virtualNetworks/autentidevvn/subnets/autentidevsub",
                        "attributes": {
                            "address_prefix": "10.0.2.0/24",
                            "delegation.#": "0",
                            "id": "/subscriptions/53aeb1cc-9727-411e-a4bc-5afbbbc8471f/resourceGroups/autentidev01/providers/Microsoft.Network/virtualNetworks/autentidevvn/subnets/autentidevsub",
                            "ip_configurations.#": "0",
                            "name": "autentidevsub",
                            "network_security_group_id": "",
                            "resource_group_name": "autentidev01",
                            "route_table_id": "",
                            "service_endpoints.#": "0",
                            "virtual_network_name": "autentidevvn"
                        },
                        "meta": {},
                        "tainted": false
                    },
                    "deposed": [],
                    "provider": "provider.azurerm"
                },
                "azurerm_virtual_machine.autentidev": {
                    "type": "azurerm_virtual_machine",
                    "depends_on": [
                        "azurerm_network_interface.autentidev",
                        "azurerm_resource_group.autentidev"
                    ],
                    "primary": {
                        "id": "/subscriptions/53aeb1cc-9727-411e-a4bc-5afbbbc8471f/resourceGroups/autentidev01/providers/Microsoft.Compute/virtualMachines/autentivm",
                        "attributes": {
                            "delete_data_disks_on_termination": "true",
                            "delete_os_disk_on_termination": "true",
                            "id": "/subscriptions/53aeb1cc-9727-411e-a4bc-5afbbbc8471f/resourceGroups/autentidev01/providers/Microsoft.Compute/virtualMachines/autentivm",
                            "identity.#": "0",
                            "location": "westeurope",
                            "name": "autentivm",
                            "network_interface_ids.#": "1",
                            "network_interface_ids.0": "/subscriptions/53aeb1cc-9727-411e-a4bc-5afbbbc8471f/resourceGroups/autentidev01/providers/Microsoft.Network/networkInterfaces/autentidevni",
                            "os_profile.#": "1",
                            "os_profile.2146969159.admin_password": "",
                            "os_profile.2146969159.admin_username": "krzysiekok",
                            "os_profile.2146969159.computer_name": "autenti",
                            "os_profile.2146969159.custom_data": "",
                            "os_profile_linux_config.#": "1",
                            "os_profile_linux_config.69840937.disable_password_authentication": "true",
                            "os_profile_linux_config.69840937.ssh_keys.#": "1",
                            "os_profile_linux_config.69840937.ssh_keys.0.key_data": "ssh-rsa AAAAB3NzaC1yc2EAAAABJQAAAQEAhCjP3VMUh0odWdHeW7lzszlFMZVvDeiFI8l0FUa10iO3511VZ7L06XJV4E89WeojV4BjFGCUDS4WogqKzv7BPbDEkH5xSFRLRtToLFbEiw/DxD1x8R2jWeg/yMAWZiHafjnVbj9h7oD13nPDpXjWHoNrsteSnlcUFXjClRRBIj9vjGn/CXFzuz1DhP+USHmbeNdQqNP6SriXsjJypmnKLDLlx4nWKmtBYGfu5sJ/IwTUhKszrERWR5E8tEGnXtL8nYex3CovnhSG+0Z+7ZQnLdL1W7qEKcANOQXT9L9AAG0/I9mdPjRkNnO1wmspSeUReNVKSEvOOkrDQT3OV2VWMw== rsa-key-20180209",
                            "os_profile_linux_config.69840937.ssh_keys.0.path": "/home/krzysiekok/.ssh/authorized_keys",
                            "os_profile_secrets.#": "0",
                            "os_profile_windows_config.#": "0",
                            "plan.#": "0",
                            "resource_group_name": "autentidev01",
                            "storage_data_disk.#": "0",
                            "storage_image_reference.#": "1",
                            "storage_image_reference.1211973898.id": "",
                            "storage_image_reference.1211973898.offer": "UbuntuServer",
                            "storage_image_reference.1211973898.publisher": "Canonical",
                            "storage_image_reference.1211973898.sku": "18.04-LTS",
                            "storage_image_reference.1211973898.version": "latest",
                            "storage_os_disk.#": "1",
                            "storage_os_disk.0.caching": "ReadWrite",
                            "storage_os_disk.0.create_option": "FromImage",
                            "storage_os_disk.0.disk_size_gb": "30",
                            "storage_os_disk.0.image_uri": "",
                            "storage_os_disk.0.managed_disk_id": "/subscriptions/53aeb1cc-9727-411e-a4bc-5afbbbc8471f/resourceGroups/autentidev01/providers/Microsoft.Compute/disks/autentidevdisk1",
                            "storage_os_disk.0.managed_disk_type": "Standard_LRS",
                            "storage_os_disk.0.name": "autentidevdisk1",
                            "storage_os_disk.0.os_type": "Linux",
                            "storage_os_disk.0.vhd_uri": "",
                            "storage_os_disk.0.write_accelerator_enabled": "false",
                            "tags.%": "1",
                            "tags.environment": "staging",
                            "vm_size": "Standard_DS1_v2",
                            "zones.#": "0"
                        },
                        "meta": {},
                        "tainted": false
                    },
                    "deposed": [],
                    "provider": "provider.azurerm"
                },
                "azurerm_virtual_network.autentidev": {
                    "type": "azurerm_virtual_network",
                    "depends_on": [
                        "azurerm_resource_group.autentidev"
                    ],
                    "primary": {
                        "id": "/subscriptions/53aeb1cc-9727-411e-a4bc-5afbbbc8471f/resourceGroups/autentidev01/providers/Microsoft.Network/virtualNetworks/autentidevvn",
                        "attributes": {
                            "address_space.#": "1",
                            "address_space.0": "10.0.0.0/16",
                            "dns_servers.#": "0",
                            "id": "/subscriptions/53aeb1cc-9727-411e-a4bc-5afbbbc8471f/resourceGroups/autentidev01/providers/Microsoft.Network/virtualNetworks/autentidevvn",
                            "location": "westeurope",
                            "name": "autentidevvn",
                            "resource_group_name": "autentidev01",
                            "subnet.#": "0",
                            "tags.%": "0"
                        },
                        "meta": {},
                        "tainted": false
                    },
                    "deposed": [],
                    "provider": "provider.azurerm"
                }
            },
            "depends_on": []
        }
    ]
}
